
Microsoft Visual Studio Solution File, Format Version 12.00
# Visual Studio 2012
Project("{FAE04EC0-301F-11D3-BF4B-00C04F79EFBC}") = "SportsStore.WebUI", "SportsStore.WebUI\SportsStore.WebUI.csproj", "{1EAE017F-BF7D-4F21-8C51-55E8FB73D719}"
EndProject
Project("{FAE04EC0-301F-11D3-BF4B-00C04F79EFBC}") = "SportsStore.UnitTests", "SportsStore.UnitTests\SportsStore.UnitTests.csproj", "{5F7A968A-73F9-4382-9F96-18C036F3145F}"
EndProject
Project("{FAE04EC0-301F-11D3-BF4B-00C04F79EFBC}") = "SportsStore.Domain", "SportsStore.Domain\SportsStore.Domain.csproj", "{7424AF19-C0C4-48ED-B152-E6B7DD132332}"
EndProject
Project("{2150E333-8FDC-42A3-9474-1A3956D46DE8}") = ".nuget", ".nuget", "{CC4B89DD-6C53-4CEF-86AC-0BF818D2A9D4}"
	ProjectSection(SolutionItems) = preProject
		.nuget\NuGet.Config = .nuget\NuGet.Config
		.nuget\NuGet.exe = .nuget\NuGet.exe
		.nuget\NuGet.targets = .nuget\NuGet.targets
	EndProjectSection
EndProject
Project("{FAE04EC0-301F-11D3-BF4B-00C04F79EFBC}") = "SportsStore.Repository", "SportsStore.Repository\SportsStore.Repository.csproj", "{A4B603D4-6AF1-41E8-B6F6-D50C52CC0857}"
EndProject
Project("{FAE04EC0-301F-11D3-BF4B-00C04F79EFBC}") = "SportsStore.Service", "SportsStore.Service\SportsStore.Service.csproj", "{636605CF-B217-4286-9466-138FD2FEFB51}"
EndProject
Global
	GlobalSection(SubversionScc) = preSolution
		Svn-Managed = True
		Manager = AnkhSVN - Subversion Support for Visual Studio
	EndGlobalSection
	GlobalSection(SolutionConfigurationPlatforms) = preSolution
		Debug|Any CPU = Debug|Any CPU
		Release|Any CPU = Release|Any CPU
	EndGlobalSection
	GlobalSection(ProjectConfigurationPlatforms) = postSolution
		{1EAE017F-BF7D-4F21-8C51-55E8FB73D719}.Debug|Any CPU.ActiveCfg = Debug|Any CPU
		{1EAE017F-BF7D-4F21-8C51-55E8FB73D719}.Debug|Any CPU.Build.0 = Debug|Any CPU
		{1EAE017F-BF7D-4F21-8C51-55E8FB73D719}.Release|Any CPU.ActiveCfg = Release|Any CPU
		{1EAE017F-BF7D-4F21-8C51-55E8FB73D719}.Release|Any CPU.Build.0 = Release|Any CPU
		{5F7A968A-73F9-4382-9F96-18C036F3145F}.Debug|Any CPU.ActiveCfg = Debug|Any CPU
		{5F7A968A-73F9-4382-9F96-18C036F3145F}.Debug|Any CPU.Build.0 = Debug|Any CPU
		{5F7A968A-73F9-4382-9F96-18C036F3145F}.Release|Any CPU.ActiveCfg = Release|Any CPU
		{5F7A968A-73F9-4382-9F96-18C036F3145F}.Release|Any CPU.Build.0 = Release|Any CPU
		{7424AF19-C0C4-48ED-B152-E6B7DD132332}.Debug|Any CPU.ActiveCfg = Debug|Any CPU
		{7424AF19-C0C4-48ED-B152-E6B7DD132332}.Debug|Any CPU.Build.0 = Debug|Any CPU
		{7424AF19-C0C4-48ED-B152-E6B7DD132332}.Release|Any CPU.ActiveCfg = Release|Any CPU
		{7424AF19-C0C4-48ED-B152-E6B7DD132332}.Release|Any CPU.Build.0 = Release|Any CPU
		{A4B603D4-6AF1-41E8-B6F6-D50C52CC0857}.Debug|Any CPU.ActiveCfg = Debug|Any CPU
		{A4B603D4-6AF1-41E8-B6F6-D50C52CC0857}.Debug|Any CPU.Build.0 = Debug|Any CPU
		{A4B603D4-6AF1-41E8-B6F6-D50C52CC0857}.Release|Any CPU.ActiveCfg = Release|Any CPU
		{A4B603D4-6AF1-41E8-B6F6-D50C52CC0857}.Release|Any CPU.Build.0 = Release|Any CPU
		{636605CF-B217-4286-9466-138FD2FEFB51}.Debug|Any CPU.ActiveCfg = Debug|Any CPU
		{636605CF-B217-4286-9466-138FD2FEFB51}.Debug|Any CPU.Build.0 = Debug|Any CPU
		{636605CF-B217-4286-9466-138FD2FEFB51}.Release|Any CPU.ActiveCfg = Release|Any CPU
		{636605CF-B217-4286-9466-138FD2FEFB51}.Release|Any CPU.Build.0 = Release|Any CPU
	EndGlobalSection
	GlobalSection(SolutionProperties) = preSolution
		HideSolutionNode = FALSE
	EndGlobalSection
	GlobalSection(ExtensibilityGlobals) = postSolution
		EnterpriseLibraryConfigurationToolBinariesPath = packages\Unity.2.1.505.2\lib\NET35
	EndGlobalSection
EndGlobal
